
Microsoft Visual Studio Solution File, Format Version 12.00
# Visual Studio 15
VisualStudioVersion = 15.0.28010.2041
MinimumVisualStudioVersion = 10.0.40219.1
Project("{FAE04EC0-301F-11D3-BF4B-00C04F79EFBC}") = "GymnasieArbete", "GymnasieArbete\GymnasieArbete.csproj", "{5CB467D9-D513-4DAF-8945-BBBE0CB14A96}"
EndProject
Global
	GlobalSection(SolutionConfigurationPlatforms) = preSolution
		Debug|Any CPU = Debug|Any CPU
		Debug|x64 = Debug|x64
		Release|Any CPU = Release|Any CPU
		Release|x64 = Release|x64
	EndGlobalSection
	GlobalSection(ProjectConfigurationPlatforms) = postSolution
		{5CB467D9-D513-4DAF-8945-BBBE0CB14A96}.Debug|Any CPU.ActiveCfg = Debug|Any CPU
		{5CB467D9-D513-4DAF-8945-BBBE0CB14A96}.Debug|Any CPU.Build.0 = Debug|Any CPU
		{5CB467D9-D513-4DAF-8945-BBBE0CB14A96}.Debug|x64.ActiveCfg = Debug|x64
		{5CB467D9-D513-4DAF-8945-BBBE0CB14A96}.Debug|x64.Build.0 = Debug|x64
		{5CB467D9-D513-4DAF-8945-BBBE0CB14A96}.Release|Any CPU.ActiveCfg = Release|Any CPU
		{5CB467D9-D513-4DAF-8945-BBBE0CB14A96}.Release|Any CPU.Build.0 = Release|Any CPU
		{5CB467D9-D513-4DAF-8945-BBBE0CB14A96}.Release|x64.ActiveCfg = Release|x64
		{5CB467D9-D513-4DAF-8945-BBBE0CB14A96}.Release|x64.Build.0 = Release|x64
	EndGlobalSection
	GlobalSection(SolutionProperties) = preSolution
		HideSolutionNode = FALSE
	EndGlobalSection
	GlobalSection(ExtensibilityGlobals) = postSolution
		SolutionGuid = {EBBC5983-27D0-425D-A54B-55EE4C887CD0}
	EndGlobalSection
EndGlobal
